PODS:
  - FlutterMacOS (1.0.0)
  - nsd_macos (0.0.1):
    - FlutterMacOS

DEPENDENCIES:
  - FlutterMacOS (from `Flutter/ephemeral`)
  - nsd_macos (from `Flutter/ephemeral/.symlinks/plugins/nsd_macos/macos`)

EXTERNAL SOURCES:
  FlutterMacOS:
    :path: Flutter/ephemeral
  nsd_macos:
    :path: Flutter/ephemeral/.symlinks/plugins/nsd_macos/macos

SPEC CHECKSUMS:
  FlutterMacOS: 8f6f14fa908a6fb3fba0cd85dbd81ec4b251fb24
  nsd_macos: 1a38a38a33adbb396b4c6f303bc076073514cadc

PODFILE CHECKSUM: 353c8bcc5d5b0994e508d035b5431cfe18c1dea7

COCOAPODS: 1.12.0
