PODS:
  - Flutter (1.0.0)
  - nsd_ios (0.0.1):
    - Flutter

DEPENDENCIES:
  - Flutter (from `Flutter`)
  - nsd_ios (from `.symlinks/plugins/nsd_ios/ios`)

EXTERNAL SOURCES:
  Flutter:
    :path: Flutter
  nsd_ios:
    :path: ".symlinks/plugins/nsd_ios/ios"

SPEC CHECKSUMS:
  Flutter: e0871f40cf51350855a761d2e70bf5af5b9b5de7
  nsd_ios: 8c37babdc6538e3350dbed3a52674d2edde98173

PODFILE CHECKSUM: c4c93c5f6502fe2754f48404d3594bf779584011

COCOAPODS: 1.15.2
